
Microsoft Visual Studio Solution File, Format Version 12.00
# Visual Studio Version 17
VisualStudioVersion = 17.10.35027.167
MinimumVisualStudioVersion = 10.0.40219.1
Project("{FAE04EC0-301F-11D3-BF4B-00C04F79EFBC}") = "Constructor", "Constructor\Constructor.csproj", "{B7CE4134-2880-4903-8B7D-35A3CFBB5259}"
EndProject
Global
	GlobalSection(SolutionConfigurationPlatforms) = preSolution
		Debug|Any CPU = Debug|Any CPU
		Release|Any CPU = Release|Any CPU
	EndGlobalSection
	GlobalSection(ProjectConfigurationPlatforms) = postSolution
		{B7CE4134-2880-4903-8B7D-35A3CFBB5259}.Debug|Any CPU.ActiveCfg = Debug|Any CPU
		{B7CE4134-2880-4903-8B7D-35A3CFBB5259}.Debug|Any CPU.Build.0 = Debug|Any CPU
		{B7CE4134-2880-4903-8B7D-35A3CFBB5259}.Release|Any CPU.ActiveCfg = Release|Any CPU
		{B7CE4134-2880-4903-8B7D-35A3CFBB5259}.Release|Any CPU.Build.0 = Release|Any CPU
	EndGlobalSection
	GlobalSection(SolutionProperties) = preSolution
		HideSolutionNode = FALSE
	EndGlobalSection
	GlobalSection(ExtensibilityGlobals) = postSolution
		SolutionGuid = {5831B12B-D27D-4D63-96D7-466AE78DBF98}
	EndGlobalSection
EndGlobal
